// !$*UTF8*$!
{
	archiveVersion = 1;
	classes = {
	};
	objectVersion = 77;
	objects = {

/* Begin PBXBuildFile section */
		81EC3A582E74FF4A00AB2677 /* STIDCardReader.framework in Frameworks */ = {isa = PBXBuildFile; fileRef = 81EC3A572E74FF4A00AB2677 /* STIDCardReader.framework */; };
/* End PBXBuildFile section */

/* Begin PBXContainerItemProxy section */
		81EC3A3A2E74FF3D00AB2677 /* PBXContainerItemProxy */ = {
			isa = PBXContainerItemProxy;
			containerPortal = 81EC3A1B2E74FF3B00AB2677 /* Project object */;
			proxyType = 1;
			remoteGlobalIDString = 81EC3A222E74FF3C00AB2677;
			remoteInfo = "MyFramework.xcframework' STIDCardReader-POD";
		};
		81EC3A442E74FF3D00AB2677 /* PBXContainerItemProxy */ = {
			isa = PBXContainerItemProxy;
			containerPortal = 81EC3A1B2E74FF3B00AB2677 /* Project object */;
			proxyType = 1;
			remoteGlobalIDString = 81EC3A222E74FF3C00AB2677;
			remoteInfo = "MyFramework.xcframework' STIDCardReader-POD";
		};
/* End PBXContainerItemProxy section */

/* Begin PBXFileReference section */
		81EC3A232E74FF3C00AB2677 /* MyFramework.xcframework' STIDCardReader-POD.app */ = {isa = PBXFileReference; explicitFileType = wrapper.application; includeInIndex = 0; path = "MyFramework.xcframework' STIDCardReader-POD.app"; sourceTree = BUILT_PRODUCTS_DIR; };
		81EC3A392E74FF3D00AB2677 /* MyFramework.xcframework' STIDCardReader-PODTests.xctest */ = {isa = PBXFileReference; explicitFileType = wrapper.cfbundle; includeInIndex = 0; path = "MyFramework.xcframework' STIDCardReader-PODTests.xctest"; sourceTree = BUILT_PRODUCTS_DIR; };
		81EC3A432E74FF3D00AB2677 /* MyFramework.xcframework' STIDCardReader-PODUITests.xctest */ = {isa = PBXFileReference; explicitFileType = wrapper.cfbundle; includeInIndex = 0; path = "MyFramework.xcframework' STIDCardReader-PODUITests.xctest"; sourceTree = BUILT_PRODUCTS_DIR; };
		81EC3A572E74FF4A00AB2677 /* STIDCardReader.framework */ = {isa = PBXFileReference; lastKnownFileType = wrapper.framework; path = STIDCardReader.framework; sourceTree = "<group>"; };
/* End PBXFileReference section */

/* Begin PBXFileSystemSynchronizedBuildFileExceptionSet section */
		81EC3A4B2E74FF3D00AB2677 /* Exceptions for "MyFramework.xcframework' STIDCardReader-POD" folder in "MyFramework.xcframework' STIDCardReader-POD" target */ = {
			isa = PBXFileSystemSynchronizedBuildFileExceptionSet;
			membershipExceptions = (
				Info.plist,
			);
			target = 81EC3A222E74FF3C00AB2677 /* MyFramework.xcframework' STIDCardReader-POD */;
		};
/* End PBXFileSystemSynchronizedBuildFileExceptionSet section */

/* Begin PBXFileSystemSynchronizedRootGroup section */
		81EC3A252E74FF3C00AB2677 /* MyFramework.xcframework' STIDCardReader-POD */ = {
			isa = PBXFileSystemSynchronizedRootGroup;
			exceptions = (
				81EC3A4B2E74FF3D00AB2677 /* Exceptions for "MyFramework.xcframework' STIDCardReader-POD" folder in "MyFramework.xcframework' STIDCardReader-POD" target */,
			);
			path = "MyFramework.xcframework' STIDCardReader-POD";
			sourceTree = "<group>";
		};
		81EC3A3C2E74FF3D00AB2677 /* MyFramework.xcframework' STIDCardReader-PODTests */ = {
			isa = PBXFileSystemSynchronizedRootGroup;
			path = "MyFramework.xcframework' STIDCardReader-PODTests";
			sourceTree = "<group>";
		};
		81EC3A462E74FF3D00AB2677 /* MyFramework.xcframework' STIDCardReader-PODUITests */ = {
			isa = PBXFileSystemSynchronizedRootGroup;
			path = "MyFramework.xcframework' STIDCardReader-PODUITests";
			sourceTree = "<group>";
		};
/* End PBXFileSystemSynchronizedRootGroup section */

/* Begin PBXFrameworksBuildPhase section */
		81EC3A202E74FF3C00AB2677 /* Frameworks */ = {
			isa = PBXFrameworksBuildPhase;
			buildActionMask = 2147483647;
			files = (
				81EC3A582E74FF4A00AB2677 /* STIDCardReader.framework in Frameworks */,
			);
			runOnlyForDeploymentPostprocessing = 0;
		};
		81EC3A362E74FF3D00AB2677 /* Frameworks */ = {
			isa = PBXFrameworksBuildPhase;
			buildActionMask = 2147483647;
			files = (
			);
			runOnlyForDeploymentPostprocessing = 0;
		};
		81EC3A402E74FF3D00AB2677 /* Frameworks */ = {
			isa = PBXFrameworksBuildPhase;
			buildActionMask = 2147483647;
			files = (
			);
			runOnlyForDeploymentPostprocessing = 0;
		};
/* End PBXFrameworksBuildPhase section */

/* Begin PBXGroup section */
		81EC3A1A2E74FF3B00AB2677 = {
			isa = PBXGroup;
			children = (
				81EC3A572E74FF4A00AB2677 /* STIDCardReader.framework */,
				81EC3A252E74FF3C00AB2677 /* MyFramework.xcframework' STIDCardReader-POD */,
				81EC3A3C2E74FF3D00AB2677 /* MyFramework.xcframework' STIDCardReader-PODTests */,
				81EC3A462E74FF3D00AB2677 /* MyFramework.xcframework' STIDCardReader-PODUITests */,
				81EC3A242E74FF3C00AB2677 /* Products */,
			);
			sourceTree = "<group>";
		};
		81EC3A242E74FF3C00AB2677 /* Products */ = {
			isa = PBXGroup;
			children = (
				81EC3A232E74FF3C00AB2677 /* MyFramework.xcframework' STIDCardReader-POD.app */,
				81EC3A392E74FF3D00AB2677 /* MyFramework.xcframework' STIDCardReader-PODTests.xctest */,
				81EC3A432E74FF3D00AB2677 /* MyFramework.xcframework' STIDCardReader-PODUITests.xctest */,
			);
			name = Products;
			sourceTree = "<group>";
		};
/* End PBXGroup section */

/* Begin PBXNativeTarget section */
		81EC3A222E74FF3C00AB2677 /* MyFramework.xcframework' STIDCardReader-POD */ = {
			isa = PBXNativeTarget;
			buildConfigurationList = 81EC3A4C2E74FF3D00AB2677 /* Build configuration list for PBXNativeTarget "MyFramework.xcframework' STIDCardReader-POD" */;
			buildPhases = (
				81EC3A1F2E74FF3C00AB2677 /* Sources */,
				81EC3A202E74FF3C00AB2677 /* Frameworks */,
				81EC3A212E74FF3C00AB2677 /* Resources */,
			);
			buildRules = (
			);
			dependencies = (
			);
			fileSystemSynchronizedGroups = (
				81EC3A252E74FF3C00AB2677 /* MyFramework.xcframework' STIDCardReader-POD */,
			);
			name = "MyFramework.xcframework' STIDCardReader-POD";
			packageProductDependencies = (
			);
			productName = "MyFramework.xcframework' STIDCardReader-POD";
			productReference = 81EC3A232E74FF3C00AB2677 /* MyFramework.xcframework' STIDCardReader-POD.app */;
			productType = "com.apple.product-type.application";
		};
		81EC3A382E74FF3D00AB2677 /* MyFramework.xcframework' STIDCardReader-PODTests */ = {
			isa = PBXNativeTarget;
			buildConfigurationList = 81EC3A512E74FF3D00AB2677 /* Build configuration list for PBXNativeTarget "MyFramework.xcframework' STIDCardReader-PODTests" */;
			buildPhases = (
				81EC3A352E74FF3D00AB2677 /* Sources */,
				81EC3A362E74FF3D00AB2677 /* Frameworks */,
				81EC3A372E74FF3D00AB2677 /* Resources */,
			);
			buildRules = (
			);
			dependencies = (
				81EC3A3B2E74FF3D00AB2677 /* PBXTargetDependency */,
			);
			fileSystemSynchronizedGroups = (
				81EC3A3C2E74FF3D00AB2677 /* MyFramework.xcframework' STIDCardReader-PODTests */,
			);
			name = "MyFramework.xcframework' STIDCardReader-PODTests";
			packageProductDependencies = (
			);
			productName = "MyFramework.xcframework' STIDCardReader-PODTests";
			productReference = 81EC3A392E74FF3D00AB2677 /* MyFramework.xcframework' STIDCardReader-PODTests.xctest */;
			productType = "com.apple.product-type.bundle.unit-test";
		};
		81EC3A422E74FF3D00AB2677 /* MyFramework.xcframework' STIDCardReader-PODUITests */ = {
			isa = PBXNativeTarget;
			buildConfigurationList = 81EC3A542E74FF3D00AB2677 /* Build configuration list for PBXNativeTarget "MyFramework.xcframework' STIDCardReader-PODUITests" */;
			buildPhases = (
				81EC3A3F2E74FF3D00AB2677 /* Sources */,
				81EC3A402E74FF3D00AB2677 /* Frameworks */,
				81EC3A412E74FF3D00AB2677 /* Resources */,
			);
			buildRules = (
			);
			dependencies = (
				81EC3A452E74FF3D00AB2677 /* PBXTargetDependency */,
			);
			fileSystemSynchronizedGroups = (
				81EC3A462E74FF3D00AB2677 /* MyFramework.xcframework' STIDCardReader-PODUITests */,
			);
			name = "MyFramework.xcframework' STIDCardReader-PODUITests";
			packageProductDependencies = (
			);
			productName = "MyFramework.xcframework' STIDCardReader-PODUITests";
			productReference = 81EC3A432E74FF3D00AB2677 /* MyFramework.xcframework' STIDCardReader-PODUITests.xctest */;
			productType = "com.apple.product-type.bundle.ui-testing";
		};
/* End PBXNativeTarget section */

/* Begin PBXProject section */
		81EC3A1B2E74FF3B00AB2677 /* Project object */ = {
			isa = PBXProject;
			attributes = {
				BuildIndependentTargetsInParallel = 1;
				LastSwiftUpdateCheck = 1610;
				LastUpgradeCheck = 1610;
				TargetAttributes = {
					81EC3A222E74FF3C00AB2677 = {
						CreatedOnToolsVersion = 16.1;
					};
					81EC3A382E74FF3D00AB2677 = {
						CreatedOnToolsVersion = 16.1;
						TestTargetID = 81EC3A222E74FF3C00AB2677;
					};
					81EC3A422E74FF3D00AB2677 = {
						CreatedOnToolsVersion = 16.1;
						TestTargetID = 81EC3A222E74FF3C00AB2677;
					};
				};
			};
			buildConfigurationList = 81EC3A1E2E74FF3B00AB2677 /* Build configuration list for PBXProject "MyFramework.xcframework' STIDCardReader-POD" */;
			developmentRegion = en;
			hasScannedForEncodings = 0;
			knownRegions = (
				en,
				Base,
			);
			mainGroup = 81EC3A1A2E74FF3B00AB2677;
			minimizedProjectReferenceProxies = 1;
			preferredProjectObjectVersion = 77;
			productRefGroup = 81EC3A242E74FF3C00AB2677 /* Products */;
			projectDirPath = "";
			projectRoot = "";
			targets = (
				81EC3A222E74FF3C00AB2677 /* MyFramework.xcframework' STIDCardReader-POD */,
				81EC3A382E74FF3D00AB2677 /* MyFramework.xcframework' STIDCardReader-PODTests */,
				81EC3A422E74FF3D00AB2677 /* MyFramework.xcframework' STIDCardReader-PODUITests */,
			);
		};
/* End PBXProject section */

/* Begin PBXResourcesBuildPhase section */
		81EC3A212E74FF3C00AB2677 /* Resources */ = {
			isa = PBXResourcesBuildPhase;
			buildActionMask = 2147483647;
			files = (
			);
			runOnlyForDeploymentPostprocessing = 0;
		};
		81EC3A372E74FF3D00AB2677 /* Resources */ = {
			isa = PBXResourcesBuildPhase;
			buildActionMask = 2147483647;
			files = (
			);
			runOnlyForDeploymentPostprocessing = 0;
		};
		81EC3A412E74FF3D00AB2677 /* Resources */ = {
			isa = PBXResourcesBuildPhase;
			buildActionMask = 2147483647;
			files = (
			);
			runOnlyForDeploymentPostprocessing = 0;
		};
/* End PBXResourcesBuildPhase section */

/* Begin PBXSourcesBuildPhase section */
		81EC3A1F2E74FF3C00AB2677 /* Sources */ = {
			isa = PBXSourcesBuildPhase;
			buildActionMask = 2147483647;
			files = (
			);
			runOnlyForDeploymentPostprocessing = 0;
		};
		81EC3A352E74FF3D00AB2677 /* Sources */ = {
			isa = PBXSourcesBuildPhase;
			buildActionMask = 2147483647;
			files = (
			);
			runOnlyForDeploymentPostprocessing = 0;
		};
		81EC3A3F2E74FF3D00AB2677 /* Sources */ = {
			isa = PBXSourcesBuildPhase;
			buildActionMask = 2147483647;
			files = (
			);
			runOnlyForDeploymentPostprocessing = 0;
		};
/* End PBXSourcesBuildPhase section */

/* Begin PBXTargetDependency section */
		81EC3A3B2E74FF3D00AB2677 /* PBXTargetDependency */ = {
			isa = PBXTargetDependency;
			target = 81EC3A222E74FF3C00AB2677 /* MyFramework.xcframework' STIDCardReader-POD */;
			targetProxy = 81EC3A3A2E74FF3D00AB2677 /* PBXContainerItemProxy */;
		};
		81EC3A452E74FF3D00AB2677 /* PBXTargetDependency */ = {
			isa = PBXTargetDependency;
			target = 81EC3A222E74FF3C00AB2677 /* MyFramework.xcframework' STIDCardReader-POD */;
			targetProxy = 81EC3A442E74FF3D00AB2677 /* PBXContainerItemProxy */;
		};
/* End PBXTargetDependency section */

/* Begin XCBuildConfiguration section */
		81EC3A4D2E74FF3D00AB2677 /* Debug */ = {
			isa = XCBuildConfiguration;
			buildSettings = {
				ASSETCATALOG_COMPILER_APPICON_NAME = AppIcon;
				ASSETCATALOG_COMPILER_GLOBAL_ACCENT_COLOR_NAME = AccentColor;
				CODE_SIGN_STYLE = Automatic;
				CURRENT_PROJECT_VERSION = 1;
				DEVELOPMENT_TEAM = XP87ENSP7A;
				FRAMEWORK_SEARCH_PATHS = (
					"$(inherited)",
					"$(PROJECT_DIR)",
				);
				GENERATE_INFOPLIST_FILE = YES;
				INFOPLIST_FILE = "MyFramework.xcframework' STIDCardReader-POD/Info.plist";
				INFOPLIST_KEY_UIApplicationSupportsIndirectInputEvents = YES;
				INFOPLIST_KEY_UILaunchStoryboardName = LaunchScreen;
				INFOPLIST_KEY_UIMainStoryboardFile = Main;
				INFOPLIST_KEY_UISupportedInterfaceOrientations_iPad = "UIInterfaceOrientationPortrait UIInterfaceOrientationPortraitUpsideDown UIInterfaceOrientationLandscapeLeft UIInterfaceOrientationLandscapeRight";
				INFOPLIST_KEY_UISupportedInterfaceOrientations_iPhone = "UIInterfaceOrientationPortrait UIInterfaceOrientationLandscapeLeft UIInterfaceOrientationLandscapeRight";
				LD_RUNPATH_SEARCH_PATHS = (
					"$(inherited)",
					"@executable_path/Frameworks",
				);
				MARKETING_VERSION = 1.0;
				PRODUCT_BUNDLE_IDENTIFIER = "cn.com.test.oooo.MyFramework-xcframework--STIDCardReader-POD";
				PRODUCT_NAME = "$(TARGET_NAME)";
				SWIFT_EMIT_LOC_STRINGS = YES;
				SWIFT_VERSION = 5.0;
				TARGETED_DEVICE_FAMILY = "1,2";
			};
			name = Debug;
		};
		81EC3A4E2E74FF3D00AB2677 /* Release */ = {
			isa = XCBuildConfiguration;
			buildSettings = {
				ASSETCATALOG_COMPILER_APPICON_NAME = AppIcon;
				ASSETCATALOG_COMPILER_GLOBAL_ACCENT_COLOR_NAME = AccentColor;
				CODE_SIGN_STYLE = Automatic;
				CURRENT_PROJECT_VERSION = 1;
				DEVELOPMENT_TEAM = XP87ENSP7A;
				FRAMEWORK_SEARCH_PATHS = (
					"$(inherited)",
					"$(PROJECT_DIR)",
				);
				GENERATE_INFOPLIST_FILE = YES;
				INFOPLIST_FILE = "MyFramework.xcframework' STIDCardReader-POD/Info.plist";
				INFOPLIST_KEY_UIApplicationSupportsIndirectInputEvents = YES;
				INFOPLIST_KEY_UILaunchStoryboardName = LaunchScreen;
				INFOPLIST_KEY_UIMainStoryboardFile = Main;
				INFOPLIST_KEY_UISupportedInterfaceOrientations_iPad = "UIInterfaceOrientationPortrait UIInterfaceOrientationPortraitUpsideDown UIInterfaceOrientationLandscapeLeft UIInterfaceOrientationLandscapeRight";
				INFOPLIST_KEY_UISupportedInterfaceOrientations_iPhone = "UIInterfaceOrientationPortrait UIInterfaceOrientationLandscapeLeft UIInterfaceOrientationLandscapeRight";
				LD_RUNPATH_SEARCH_PATHS = (
					"$(inherited)",
					"@executable_path/Frameworks",
				);
				MARKETING_VERSION = 1.0;
				PRODUCT_BUNDLE_IDENTIFIER = "cn.com.test.oooo.MyFramework-xcframework--STIDCardReader-POD";
				PRODUCT_NAME = "$(TARGET_NAME)";
				SWIFT_EMIT_LOC_STRINGS = YES;
				SWIFT_VERSION = 5.0;
				TARGETED_DEVICE_FAMILY = "1,2";
			};
			name = Release;
		};
		81EC3A4F2E74FF3D00AB2677 /* Debug */ = {
			isa = XCBuildConfiguration;
			buildSettings = {
				ALWAYS_SEARCH_USER_PATHS = NO;
				ASSETCATALOG_COMPILER_GENERATE_SWIFT_ASSET_SYMBOL_EXTENSIONS = YES;
				CLANG_ANALYZER_NONNULL = YES;
				CLANG_ANALYZER_NUMBER_OBJECT_CONVERSION = YES_AGGRESSIVE;
				CLANG_CXX_LANGUAGE_STANDARD = "gnu++20";
				CLANG_ENABLE_MODULES = YES;
				CLANG_ENABLE_OBJC_ARC = YES;
				CLANG_ENABLE_OBJC_WEAK = YES;
				CLANG_WARN_BLOCK_CAPTURE_AUTORELEASING = YES;
				CLANG_WARN_BOOL_CONVERSION = YES;
				CLANG_WARN_COMMA = YES;
				CLANG_WARN_CONSTANT_CONVERSION = YES;
				CLANG_WARN_DEPRECATED_OBJC_IMPLEMENTATIONS = YES;
				CLANG_WARN_DIRECT_OBJC_ISA_USAGE = YES_ERROR;
				CLANG_WARN_DOCUMENTATION_COMMENTS = YES;
				CLANG_WARN_EMPTY_BODY = YES;
				CLANG_WARN_ENUM_CONVERSION = YES;
				CLANG_WARN_INFINITE_RECURSION = YES;
				CLANG_WARN_INT_CONVERSION = YES;
				CLANG_WARN_NON_LITERAL_NULL_CONVERSION = YES;
				CLANG_WARN_OBJC_IMPLICIT_RETAIN_SELF = YES;
				CLANG_WARN_OBJC_LITERAL_CONVERSION = YES;
				CLANG_WARN_OBJC_ROOT_CLASS = YES_ERROR;
				CLANG_WARN_QUOTED_INCLUDE_IN_FRAMEWORK_HEADER = YES;
				CLANG_WARN_RANGE_LOOP_ANALYSIS = YES;
				CLANG_WARN_STRICT_PROTOTYPES = YES;
				CLANG_WARN_SUSPICIOUS_MOVE = YES;
				CLANG_WARN_UNGUARDED_AVAILABILITY = YES_AGGRESSIVE;
				CLANG_WARN_UNREACHABLE_CODE = YES;
				CLANG_WARN__DUPLICATE_METHOD_MATCH = YES;
				COPY_PHASE_STRIP = NO;
				DEBUG_INFORMATION_FORMAT = dwarf;
				ENABLE_STRICT_OBJC_MSGSEND = YES;
				ENABLE_TESTABILITY = YES;
				ENABLE_USER_SCRIPT_SANDBOXING = YES;
				GCC_C_LANGUAGE_STANDARD = gnu17;
				GCC_DYNAMIC_NO_PIC = NO;
				GCC_NO_COMMON_BLOCKS = YES;
				GCC_OPTIMIZATION_LEVEL = 0;
				GCC_PREPROCESSOR_DEFINITIONS = (
					"DEBUG=1",
					"$(inherited)",
				);
				GCC_WARN_64_TO_32_BIT_CONVERSION = YES;
				GCC_WARN_ABOUT_RETURN_TYPE = YES_ERROR;
				GCC_WARN_UNDECLARED_SELECTOR = YES;
				GCC_WARN_UNINITIALIZED_AUTOS = YES_AGGRESSIVE;
				GCC_WARN_UNUSED_FUNCTION = YES;
				GCC_WARN_UNUSED_VARIABLE = YES;
				IPHONEOS_DEPLOYMENT_TARGET = 18.1;
				LOCALIZATION_PREFERS_STRING_CATALOGS = YES;
				MTL_ENABLE_DEBUG_INFO = INCLUDE_SOURCE;
				MTL_FAST_MATH = YES;
				ONLY_ACTIVE_ARCH = YES;
				SDKROOT = iphoneos;
				SWIFT_ACTIVE_COMPILATION_CONDITIONS = "DEBUG $(inherited)";
				SWIFT_OPTIMIZATION_LEVEL = "-Onone";
			};
			name = Debug;
		};
		81EC3A502E74FF3D00AB2677 /* Release */ = {
			isa = XCBuildConfiguration;
			buildSettings = {
				ALWAYS_SEARCH_USER_PATHS = NO;
				ASSETCATALOG_COMPILER_GENERATE_SWIFT_ASSET_SYMBOL_EXTENSIONS = YES;
				CLANG_ANALYZER_NONNULL = YES;
				CLANG_ANALYZER_NUMBER_OBJECT_CONVERSION = YES_AGGRESSIVE;
				CLANG_CXX_LANGUAGE_STANDARD = "gnu++20";
				CLANG_ENABLE_MODULES = YES;
				CLANG_ENABLE_OBJC_ARC = YES;
				CLANG_ENABLE_OBJC_WEAK = YES;
				CLANG_WARN_BLOCK_CAPTURE_AUTORELEASING = YES;
				CLANG_WARN_BOOL_CONVERSION = YES;
				CLANG_WARN_COMMA = YES;
				CLANG_WARN_CONSTANT_CONVERSION = YES;
				CLANG_WARN_DEPRECATED_OBJC_IMPLEMENTATIONS = YES;
				CLANG_WARN_DIRECT_OBJC_ISA_USAGE = YES_ERROR;
				CLANG_WARN_DOCUMENTATION_COMMENTS = YES;
				CLANG_WARN_EMPTY_BODY = YES;
				CLANG_WARN_ENUM_CONVERSION = YES;
				CLANG_WARN_INFINITE_RECURSION = YES;
				CLANG_WARN_INT_CONVERSION = YES;
				CLANG_WARN_NON_LITERAL_NULL_CONVERSION = YES;
				CLANG_WARN_OBJC_IMPLICIT_RETAIN_SELF = YES;
				CLANG_WARN_OBJC_LITERAL_CONVERSION = YES;
				CLANG_WARN_OBJC_ROOT_CLASS = YES_ERROR;
				CLANG_WARN_QUOTED_INCLUDE_IN_FRAMEWORK_HEADER = YES;
				CLANG_WARN_RANGE_LOOP_ANALYSIS = YES;
				CLANG_WARN_STRICT_PROTOTYPES = YES;
				CLANG_WARN_SUSPICIOUS_MOVE = YES;
				CLANG_WARN_UNGUARDED_AVAILABILITY = YES_AGGRESSIVE;
				CLANG_WARN_UNREACHABLE_CODE = YES;
				CLANG_WARN__DUPLICATE_METHOD_MATCH = YES;
				COPY_PHASE_STRIP = NO;
				DEBUG_INFORMATION_FORMAT = "dwarf-with-dsym";
				ENABLE_NS_ASSERTIONS = NO;
				ENABLE_STRICT_OBJC_MSGSEND = YES;
				ENABLE_USER_SCRIPT_SANDBOXING = YES;
				GCC_C_LANGUAGE_STANDARD = gnu17;
				GCC_NO_COMMON_BLOCKS = YES;
				GCC_WARN_64_TO_32_BIT_CONVERSION = YES;
				GCC_WARN_ABOUT_RETURN_TYPE = YES_ERROR;
				GCC_WARN_UNDECLARED_SELECTOR = YES;
				GCC_WARN_UNINITIALIZED_AUTOS = YES_AGGRESSIVE;
				GCC_WARN_UNUSED_FUNCTION = YES;
				GCC_WARN_UNUSED_VARIABLE = YES;
				IPHONEOS_DEPLOYMENT_TARGET = 18.1;
				LOCALIZATION_PREFERS_STRING_CATALOGS = YES;
				MTL_ENABLE_DEBUG_INFO = NO;
				MTL_FAST_MATH = YES;
				SDKROOT = iphoneos;
				SWIFT_COMPILATION_MODE = wholemodule;
				VALIDATE_PRODUCT = YES;
			};
			name = Release;
		};
		81EC3A522E74FF3D00AB2677 /* Debug */ = {
			isa = XCBuildConfiguration;
			buildSettings = {
				BUNDLE_LOADER = "$(TEST_HOST)";
				CODE_SIGN_STYLE = Automatic;
				CURRENT_PROJECT_VERSION = 1;
				DEVELOPMENT_TEAM = XP87ENSP7A;
				GENERATE_INFOPLIST_FILE = YES;
				IPHONEOS_DEPLOYMENT_TARGET = 18.1;
				MARKETING_VERSION = 1.0;
				PRODUCT_BUNDLE_IDENTIFIER = "cn.com.test.oooo.MyFramework-xcframework--STIDCardReader-PODTests";
				PRODUCT_NAME = "$(TARGET_NAME)";
				SWIFT_EMIT_LOC_STRINGS = NO;
				SWIFT_VERSION = 5.0;
				TARGETED_DEVICE_FAMILY = "1,2";
				TEST_HOST = "$(BUILT_PRODUCTS_DIR)/MyFramework.xcframework' STIDCardReader-POD.app/$(BUNDLE_EXECUTABLE_FOLDER_PATH)/MyFramework.xcframework' STIDCardReader-POD";
			};
			name = Debug;
		};
		81EC3A532E74FF3D00AB2677 /* Release */ = {
			isa = XCBuildConfiguration;
			buildSettings = {
				BUNDLE_LOADER = "$(TEST_HOST)";
				CODE_SIGN_STYLE = Automatic;
				CURRENT_PROJECT_VERSION = 1;
				DEVELOPMENT_TEAM = XP87ENSP7A;
				GENERATE_INFOPLIST_FILE = YES;
				IPHONEOS_DEPLOYMENT_TARGET = 18.1;
				MARKETING_VERSION = 1.0;
				PRODUCT_BUNDLE_IDENTIFIER = "cn.com.test.oooo.MyFramework-xcframework--STIDCardReader-PODTests";
				PRODUCT_NAME = "$(TARGET_NAME)";
				SWIFT_EMIT_LOC_STRINGS = NO;
				SWIFT_VERSION = 5.0;
				TARGETED_DEVICE_FAMILY = "1,2";
				TEST_HOST = "$(BUILT_PRODUCTS_DIR)/MyFramework.xcframework' STIDCardReader-POD.app/$(BUNDLE_EXECUTABLE_FOLDER_PATH)/MyFramework.xcframework' STIDCardReader-POD";
			};
			name = Release;
		};
		81EC3A552E74FF3D00AB2677 /* Debug */ = {
			isa = XCBuildConfiguration;
			buildSettings = {
				CODE_SIGN_STYLE = Automatic;
				CURRENT_PROJECT_VERSION = 1;
				DEVELOPMENT_TEAM = XP87ENSP7A;
				GENERATE_INFOPLIST_FILE = YES;
				MARKETING_VERSION = 1.0;
				PRODUCT_BUNDLE_IDENTIFIER = "cn.com.test.oooo.MyFramework-xcframework--STIDCardReader-PODUITests";
				PRODUCT_NAME = "$(TARGET_NAME)";
				SWIFT_EMIT_LOC_STRINGS = NO;
				SWIFT_VERSION = 5.0;
				TARGETED_DEVICE_FAMILY = "1,2";
				TEST_TARGET_NAME = "MyFramework.xcframework' STIDCardReader-POD";
			};
			name = Debug;
		};
		81EC3A562E74FF3D00AB2677 /* Release */ = {
			isa = XCBuildConfiguration;
			buildSettings = {
				CODE_SIGN_STYLE = Automatic;
				CURRENT_PROJECT_VERSION = 1;
				DEVELOPMENT_TEAM = XP87ENSP7A;
				GENERATE_INFOPLIST_FILE = YES;
				MARKETING_VERSION = 1.0;
				PRODUCT_BUNDLE_IDENTIFIER = "cn.com.test.oooo.MyFramework-xcframework--STIDCardReader-PODUITests";
				PRODUCT_NAME = "$(TARGET_NAME)";
				SWIFT_EMIT_LOC_STRINGS = NO;
				SWIFT_VERSION = 5.0;
				TARGETED_DEVICE_FAMILY = "1,2";
				TEST_TARGET_NAME = "MyFramework.xcframework' STIDCardReader-POD";
			};
			name = Release;
		};
/* End XCBuildConfiguration section */

/* Begin XCConfigurationList section */
		81EC3A1E2E74FF3B00AB2677 /* Build configuration list for PBXProject "MyFramework.xcframework' STIDCardReader-POD" */ = {
			isa = XCConfigurationList;
			buildConfigurations = (
				81EC3A4F2E74FF3D00AB2677 /* Debug */,
				81EC3A502E74FF3D00AB2677 /* Release */,
			);
			defaultConfigurationIsVisible = 0;
			defaultConfigurationName = Release;
		};
		81EC3A4C2E74FF3D00AB2677 /* Build configuration list for PBXNativeTarget "MyFramework.xcframework' STIDCardReader-POD" */ = {
			isa = XCConfigurationList;
			buildConfigurations = (
				81EC3A4D2E74FF3D00AB2677 /* Debug */,
				81EC3A4E2E74FF3D00AB2677 /* Release */,
			);
			defaultConfigurationIsVisible = 0;
			defaultConfigurationName = Release;
		};
		81EC3A512E74FF3D00AB2677 /* Build configuration list for PBXNativeTarget "MyFramework.xcframework' STIDCardReader-PODTests" */ = {
			isa = XCConfigurationList;
			buildConfigurations = (
				81EC3A522E74FF3D00AB2677 /* Debug */,
				81EC3A532E74FF3D00AB2677 /* Release */,
			);
			defaultConfigurationIsVisible = 0;
			defaultConfigurationName = Release;
		};
		81EC3A542E74FF3D00AB2677 /* Build configuration list for PBXNativeTarget "MyFramework.xcframework' STIDCardReader-PODUITests" */ = {
			isa = XCConfigurationList;
			buildConfigurations = (
				81EC3A552E74FF3D00AB2677 /* Debug */,
				81EC3A562E74FF3D00AB2677 /* Release */,
			);
			defaultConfigurationIsVisible = 0;
			defaultConfigurationName = Release;
		};
/* End XCConfigurationList section */
	};
	rootObject = 81EC3A1B2E74FF3B00AB2677 /* Project object */;
}
